github.com/aws/aws-sdk-go-v2 v1.32.0 h1:GuHp7GvMN74PXD5C97KT5D87UhIy4bQPkflQKbfkndg=
github.com/aws/aws-sdk-go-v2 v1.32.0/go.mod h1:2SK5n0a2karNTv5tbP1SjsX0uhttou00v/HpXKM1ZUo=
github.com/aws/aws-sdk-go-v2/aws/protocol/eventstream v1.6.4 h1:70PVAiL15/aBMh5LThwgXdSQorVr91L127ttckI9QQU=
github.com/aws/aws-sdk-go-v2/aws/protocol/eventstream v1.6.4/go.mod h1:/MQxMqci8tlqDH+pjmoLu1i0tbWCUP1hhyMRuFxpQCw=
github.com/aws/aws-sdk-go-v2/config v1.27.40 h1:sie4mPBGFOO+Z27+yHzvyN31G20h/bf2xb5mCbpLv2Q=
github.com/aws/aws-sdk-go-v2/config v1.27.40/go.mod h1:4KW7Aa5tNo+0VHnuLnnE1vPHtwMurlNZNS65IdcewHA=
github.com/aws/aws-sdk-go-v2/credentials v1.17.38 h1:iM90eRhCeZtlkzCNCG1JysOzJXGYf5rx80aD1lUgNDU=
github.com/aws/aws-sdk-go-v2/credentials v1.17.38/go.mod h1:TCVYPZeQuLaYNEkf/TVn6k5k/zdVZZ7xH9po548VNNg=
github.com/aws/aws-sdk-go-v2/feature/ec2/imds v1.16.14 h1:C/d03NAmh8C4BZXhuRNboF/DqhBkBCeDiJDcaqIT5pA=
github.com/aws/aws-sdk-go-v2/feature/ec2/imds v1.16.14/go.mod h1:7I0Ju7p9mCIdlrfS+JCgqcYD0VXz/N4yozsox+0o078=
github.com/aws/aws-sdk-go-v2/internal/configsources v1.3.18 h1:kYQ3H1u0ANr9KEKlGs/jTLrBFPo8P8NaH/w7A01NeeM=
github.com/aws/aws-sdk-go-v2/internal/configsources v1.3.18/go.mod h1:r506HmK5JDUh9+Mw4CfGJGSSoqIiLCndAuqXuhbv67Y=
github.com/aws/aws-sdk-go-v2/internal/endpoints/v2 v2.6.18 h1:Z7IdFUONvTcvS7YuhtVxN99v2cCoHRXOS4mTr0B/pUc=
github.com/aws/aws-sdk-go-v2/internal/endpoints/v2 v2.6.18/go.mod h1:DkKMmksZVVyat+Y+r1dEOgJEfUeA7UngIHWeKsi0yNc=
github.com/aws/aws-sdk-go-v2/internal/ini v1.8.1 h1:VaRN3TlFdd6KxX1x3ILT5ynH6HvKgqdiXoTxAF4HQcQ=
github.com/aws/aws-sdk-go-v2/internal/ini v1.8.1/go.mod h1:FbtygfRFze9usAadmnGJNc8KsP346kEe+y2/oyhGAGc=
github.com/aws/aws-sdk-go-v2/internal/v4a v1.3.16 h1:mimdLQkIX1zr8GIPY1ZtALdBQGxcASiBd2MOp8m/dMc=
github.com/aws/aws-sdk-go-v2/internal/v4a v1.3.16/go.mod h1:YHk6owoSwrIsok+cAH9PENCOGoH5PU2EllX4vLtSrsY=
github.com/aws/aws-sdk-go-v2/service/cloudtrail v1.43.0 h1:aafjQmYrmD2bBlOQPyHFALNmGPuttWLnXb4F3WgPHHk=
github.com/aws/aws-sdk-go-v2/service/cloudtrail v1.43.0/go.mod h1:ODEcuhq+MDaWP9fpgCPcYMKE12pyK5g5W2U0z0nHEiI=
github.com/aws/aws-sdk-go-v2/service/ec2 v1.180.0 h1:Tr9jEshJlWcS+pgXYh09SsHeX1eqKXTfoNEoTSCPNxI=
github.com/aws/aws-sdk-go-v2/service/ec2 v1.180.0/go.mod h1:W6sNzs5T4VpZn1Vy+FMKw8s24vt5k6zPJXcNOK0asBo=
github.com/aws/aws-sdk-go-v2/service/iam v1.35.0 h1:xIjTizH74aMNQBjp9D5cvjRZmOYtnrpjOGU3xkVqrjk=
github.com/aws/aws-sdk-go-v2/service/iam v1.35.0/go.mod h1:IdHqqRLKgxYR4IY7Omd7SuV4SJzJ8seF+U5PW+mvtP4=
github.com/aws/aws-sdk-go-v2/service/internal/accept-encoding v1.11.5 h1:QFASJGfT8wMXtuP3D5CRmMjARHv9ZmzFUMJznHDOY3w=
github.com/aws/aws-sdk-go-v2/service/internal/accept-encoding v1.11.5/go.mod h1:QdZ3OmoIjSX+8D1OPAzPxDfjXASbBMDsz9qvtyIhtik=
github.com/aws/aws-sdk-go-v2/service/internal/checksum v1.3.18 h1:GckUnpm4EJOAio1c8o25a+b3lVfwVzC9gnSBqiiNmZM=
github.com/aws/aws-sdk-go-v2/service/internal/checksum v1.3.18/go.mod h1:Br6+bxfG33Dk3ynmkhsW2Z/t9D4+lRqdLDNCKi85w0U=
github.com/aws/aws-sdk-go-v2/service/internal/presigned-url v1.11.20 h1:Xbwbmk44URTiHNx6PNo0ujDE6ERlsCKJD3u1zfnzAPg=
github.com/aws/aws-sdk-go-v2/service/internal/presigned-url v1.11.20/go.mod h1:oAfOFzUB14ltPZj1rWwRc3d/6OgD76R8KlvU3EqM9Fg=
github.com/aws/aws-sdk-go-v2/service/internal/s3shared v1.17.16 h1:jg16PhLPUiHIj8zYIW6bqzeQSuHVEiWnGA0Brz5Xv2I=
github.com/aws/aws-sdk-go-v2/service/internal/s3shared v1.17.16/go.mod h1:Uyk1zE1VVdsHSU7096h/rwnXDzOzYQVl+FNPhPw7ShY=
github.com/aws/aws-sdk-go-v2/service/rds v1.86.0 h1:XIlc5PiPNJROSs8R4p50IKavXSqjuhIJ0C3JL0KJ2KQ=
github.com/aws/aws-sdk-go-v2/service/rds v1.86.0/go.mod h1:lhiPj6RvoJHWG2STp+k5az55YqGgFLBzkKYdYHgUh9g=
github.com/aws/aws-sdk-go-v2/service/s3 v1.61.0 h1:Wb544Wh+xfSXqJ/j3R4aX9wrKUoZsJNmilBYZb3mKQ4=
github.com/aws/aws-sdk-go-v2/service/s3 v1.61.0/go.mod h1:BSPI0EfnYUuNHPS0uqIo5VrRwzie+Fp+YhQOUs16sKI=
github.com/aws/aws-sdk-go-v2/service/sso v1.23.4 h1:ck/Y8XWNR1gHa4BFkwE3oSu7XDJGwl+8TI7E/RB2EcQ=
github.com/aws/aws-sdk-go-v2/service/sso v1.23.4/go.mod h1:XRlMvmad0ZNL+75C5FYdMvbbLkd6qiqz6foR1nA1PXY=
github.com/aws/aws-sdk-go-v2/service/ssooidc v1.27.4 h1:4f2/JKYZHAZbQ7koBpZ012bKi32NHPY0m7TDuJgsbug=
github.com/aws/aws-sdk-go-v2/service/ssooidc v1.27.4/go.mod h1:FnvDM4sfa+isJ3kDXIzAB9GAwVSzFzSy97uZ3IsHo4E=
github.com/aws/aws-sdk-go-v2/service/sts v1.31.4 h1:uK6dUUdJtqutK1XO/tmNaQMJiPLCJY/eAeOOmqQ6ygY=
github.com/aws/aws-sdk-go-v2/service/sts v1.31.4/go.mod h1:yMWe0F+XG0DkRZK5ODZhG7BEFYhLXi2dqGsv6tX0cgI=
github.com/aws/smithy-go v1.22.0 h1:uunKnWlcoL3zO7q+gG2Pk53joueEOsnNB28QdMsmiMM=
github.com/aws/smithy-go v1.22.0/go.mod h1:irrKGvNn1InZwb2d7fkIRNucdfwR8R+Ts3wxYa/cJHg=
github.com/bufbuild/protocompile v0.4.0 h1:LbFKd2XowZvQ/kajzguUp2DC9UEIQhIq77fZZlaQsNA=
github.com/bufbuild/protocompile v0.4.0/go.mod h1:3v93+mbWn/v3xzN+31nwkJfrEpAUwp+BagBSZWx+TP8=
github.com/cespare/xxhash/v2 v2.3.0 h1:UL815xU9SqsFlibzuggzjXhog7bL6oX9BbNZnL2UFvs=
github.com/cespare/xxhash/v2 v2.3.0/go.mod h1:VGX0DQ3Q6kWi7AoAeZDth3/j3BFtOZR5XLFGgcrjCOs=
github.com/concord-dev/concord-plugin-sdk v0.1.0 h1:QdURgNH7vWYo+U0UB6b+eJzA2luJLqxYORJM3abegJY=
github.com/concord-dev/concord-plugin-sdk v0.1.0/go.mod h1:MQZ0MwUuBVeb7AfCrIJGX2aFZVizeJDCSxHwln/uQiQ=
github.com/davecgh/go-spew v1.1.0/go.mod h1:J7Y8YcW2NihsgmVo/mv3lAwl/skON4iLHjSsI+c5H38=
github.com/davecgh/go-spew v1.1.1 h1:vj9j/u1bqnvCEfJOwUhtlOARqs3+rkHYY13jYWTU97c=
github.com/davecgh/go-spew v1.1.1/go.mod h1:J7Y8YcW2NihsgmVo/mv3lAwl/skON4iLHjSsI+c5H38=
github.com/fatih/color v1.7.0/go.mod h1:Zm6kSWBoL9eyXnKyktHP6abPY2pDugNf5KwzbycvMj4=
github.com/fatih/color v1.18.0 h1:S8gINlzdQ840/4pfAwic/ZE0djQEH3wM94VfqLTZcOM=
github.com/fatih/color v1.18.0/go.mod h1:4FelSpRwEGDpQ12mAdzqdOukCy4u8WUtOY6lkT/6HfU=
github.com/go-logr/logr v1.4.3 h1:CjnDlHq8ikf6E492q6eKboGOC0T8CDaOvkHCIg8idEI=
github.com/go-logr/logr v1.4.3/go.mod h1:9T104GzyrTigFIr8wt5mBrctHMim0Nb2HLGrmQ40KvY=
github.com/go-logr/stdr v1.2.2 h1:hSWxHoqTgW2S2qGc0LTAI563KZ5YKYRhT3MFKZMbjag=
github.com/go-logr/stdr v1.2.2/go.mod h1:mMo/vtBO5dYbehREoey6XUKy/eSumjCCveDpRre4VKE=
github.com/golang/protobuf v1.5.4 h1:i7eJL8qZTpSEXOPTxNKhASYpMn+8e5Q6AdndVa1dWek=
github.com/golang/protobuf v1.5.4/go.mod h1:lnTiLA8Wa4RWRcIUkrtSVa5nRhsEGBg48fD6rSs7xps=
github.com/google/go-cmp v0.7.0 h1:wk8382ETsv4JYUZwIsn6YpYiWiBsYLSJiTsyBybVuN8=
github.com/google/go-cmp v0.7.0/go.mod h1:pXiqmnSA92OHEEa9HXL2W4E7lf9JzCmGVUdgjX3N/iU=
github.com/google/uuid v1.6.0 h1:NIvaJDMOsjHA8n1jAhLSgzrAzy1Hgr+hNrb57e+94F0=
github.com/google/uuid v1.6.0/go.mod h1:TIyPZe4MgqvfeYDBFedMoGGpEw/LqOeaOT+nhxU+yHo=
github.com/hashicorp/go-hclog v0.14.1 h1:nQcJDQwIAGnmoUWp8ubocEX40cCml/17YkF6csQLReU=
github.com/hashicorp/go-hclog v0.14.1/go.mod h1:whpDNt7SSdeAju8AWKIWsul05p54N/39EeqMAyrmvFQ=
github.com/hashicorp/go-plugin v1.6.2 h1:zdGAEd0V1lCaU0u+MxWQhtSDQmahpkwOun8U8EiRVog=
github.com/hashicorp/go-plugin v1.6.2/go.mod h1:CkgLQ5CZqNmdL9U9JzM532t8ZiYQ35+pj3b1FD37R0Q=
github.com/hashicorp/yamux v0.1.1 h1:yrQxtgseBDrq9Y652vSRDvsKCJKOUD+GzTS4Y0Y8pvE=
github.com/hashicorp/yamux v0.1.1/go.mod h1:CtWFDAQgb7dxtzFs4tWbplKIe2jSi3+5vKbgIO0SLnQ=
github.com/jhump/protoreflect v1.15.1 h1:HUMERORf3I3ZdX05WaQ6MIpd/NJ434hTp5YiKgfCL6c=
github.com/jhump/protoreflect v1.15.1/go.mod h1:jD/2GMKKE6OqX8qTjhADU1e6DShO+gavG9e0Q693nKo=
github.com/jmespath/go-jmespath v0.4.0 h1:BEgLn5cpjn8UN1mAw4NjwDrS35OdebyEtFe+9YPoQUg=
github.com/jmespath/go-jmespath v0.4.0/go.mod h1:T8mJZnbsbmF+m6zOOFylbeCJqk5+pHWvzYPziyZiYoo=
github.com/jmespath/go-jmespath/internal/testify v1.5.1 h1:shLQSRRSCCPj3f2gpwzGwWFoC7ycTf1rcQZHOlsJ6N8=
github.com/jmespath/go-jmespath/internal/testify v1.5.1/go.mod h1:L3OGu8Wl2/fWfCI6z80xFu9LTZmf1ZRjMHUOPmWr69U=
github.com/mattn/go-colorable v0.1.4/go.mod h1:U0ppj6V5qS13XJ6of8GYAs25YV2eR4EVcfRqFIhoBtE=
github.com/mattn/go-colorable v0.1.13 h1:fFA4WZxdEF4tXPZVKMLwD8oUnCTTo08duU7wxecdEvA=
github.com/mattn/go-colorable v0.1.13/go.mod h1:7S9/ev0klgBDR4GtXTXX8a3vIGJpMovkB8vQcUbaXHg=
github.com/mattn/go-isatty v0.0.8/go.mod h1:Iq45c/XA43vh69/j3iqttzPXn0bhXyGjM0Hdxcsrc5s=
github.com/mattn/go-isatty v0.0.10/go.mod h1:qgIWMr58cqv1PHHyhnkY9lrL7etaEgOFcMEpPG5Rm84=
github.com/mattn/go-isatty v0.0.16/go.mod h1:kYGgaQfpe5nmfYZH+SKPsOc2e4SrIfOl2e/yFXSvRLM=
github.com/mattn/go-isatty v0.0.20 h1:xfD0iDuEKnDkl03q4limB+vH+GxLEtL/jb4xVJSWWEY=
github.com/mattn/go-isatty v0.0.20/go.mod h1:W+V8PltTTMOvKvAeJH7IuucS94S2C6jfK/D7dTCTo3Y=
github.com/oklog/run v1.0.0 h1:Ru7dDtJNOyC66gQ5dQmaCa0qIsAUFY3sFpK1Xk8igrw=
github.com/oklog/run v1.0.0/go.mod h1:dlhp/R75TPv97u0XWUtDeV/lRKWPKSdTuV0TZvrmrQA=
github.com/pmezard/go-difflib v1.0.0 h1:4DBwDE0NGyQoBHbLQYPwSUPoCMWR5BEzIk/f1lZbAQM=
github.com/pmezard/go-difflib v1.0.0/go.mod h1:iKH77koFhYxTK1pcRnkKkqfTogsbg7gZNVY4sRDYZ/4=
github.com/stretchr/objx v0.1.0/go.mod h1:HFkY916IF+rwdDfMAkV7OtwuqBVzrE8GR6GFx+wExME=
github.com/stretchr/testify v1.2.2/go.mod h1:a8OnRcib4nhh0OaRAV+Yts87kKdq0PP7pXfy6kDkUVs=
github.com/stretchr/testify v1.11.1 h1:7s2iGBzp5EwR7/aIZr8ao5+dra3wiQyKjjFuvgVKu7U=
github.com/stretchr/testify v1.11.1/go.mod h1:wZwfW3scLgRK+23gO65QZefKpKQRnfz6sD981Nm4B6U=
go.opentelemetry.io/auto/sdk v1.2.1 h1:jXsnJ4Lmnqd11kwkBV2LgLoFMZKizbCi5fNZ/ipaZ64=
go.opentelemetry.io/auto/sdk v1.2.1/go.mod h1:KRTj+aOaElaLi+wW1kO/DZRXwkF4C5xPbEe3ZiIhN7Y=
go.opentelemetry.io/otel v1.43.0 h1:mYIM03dnh5zfN7HautFE4ieIig9amkNANT+xcVxAj9I=
go.opentelemetry.io/otel v1.43.0/go.mod h1:JuG+u74mvjvcm8vj8pI5XiHy1zDeoCS2LB1spIq7Ay0=
go.opentelemetry.io/otel/metric v1.43.0 h1:d7638QeInOnuwOONPp4JAOGfbCEpYb+K6DVWvdxGzgM=
go.opentelemetry.io/otel/metric v1.43.0/go.mod h1:RDnPtIxvqlgO8GRW18W6Z/4P462ldprJtfxHxyKd2PY=
go.opentelemetry.io/otel/sdk v1.43.0 h1:pi5mE86i5rTeLXqoF/hhiBtUNcrAGHLKQdhg4h4V9Dg=
go.opentelemetry.io/otel/sdk v1.43.0/go.mod h1:P+IkVU3iWukmiit/Yf9AWvpyRDlUeBaRg6Y+C58QHzg=
go.opentelemetry.io/otel/sdk/metric v1.43.0 h1:S88dyqXjJkuBNLeMcVPRFXpRw2fuwdvfCGLEo89fDkw=
go.opentelemetry.io/otel/sdk/metric v1.43.0/go.mod h1:C/RJtwSEJ5hzTiUz5pXF1kILHStzb9zFlIEe85bhj6A=
go.opentelemetry.io/otel/trace v1.43.0 h1:BkNrHpup+4k4w+ZZ86CZoHHEkohws8AY+WTX09nk+3A=
go.opentelemetry.io/otel/trace v1.43.0/go.mod h1:/QJhyVBUUswCphDVxq+8mld+AvhXZLhe+8WVFxiFff0=
golang.org/x/net v0.55.0 h1:bcvxaJn3e1U6InsFWt1JUq1aSjnRxLzT2rtD2KfkDF8=
golang.org/x/net v0.55.0/go.mod h1:L5U2KuzuOe1lY7Z+aWVIKK6qEeJXnXV9yzGA+WCHJww=
golang.org/x/sys v0.0.0-20190222072716-a9d3bda3a223/go.mod h1:STP8DvDyc/dI5b8T5hshtkjS+E42TnysNCUPdjciGhY=
golang.org/x/sys v0.0.0-20191008105621-543471e840be/go.mod h1:h1NjWce9XRLGQEsW7wpKNCjG9DtNlClVuFLEZdDNbEs=
golang.org/x/sys v0.0.0-20220811171246-fbc7d0a398ab/go.mod h1:oPkhp1MJrh7nUepCBck5+mAzfO9JrbApNNgaTdGDITg=
golang.org/x/sys v0.6.0/go.mod h1:oPkhp1MJrh7nUepCBck5+mAzfO9JrbApNNgaTdGDITg=
golang.org/x/sys v0.45.0 h1:dO4czNzziLiiXplLQgBCEpCvXQ3dnkn0SdaZSYdQ+FY=
golang.org/x/sys v0.45.0/go.mod h1:4GL1E5IUh+htKOUEOaiffhrAeqysfVGipDYzABqnCmw=
golang.org/x/text v0.37.0 h1:Cqjiwd9eSg8e0QAkyCaQTNHFIIzWtidPahFWR83rTrc=
golang.org/x/text v0.37.0/go.mod h1:a5sjxXGs9hsn/AJVwuElvCAo9v8QYLzvavO5z2PiM38=
gonum.org/v1/gonum v0.17.0 h1:VbpOemQlsSMrYmn7T2OUvQ4dqxQXU+ouZFQsZOx50z4=
gonum.org/v1/gonum v0.17.0/go.mod h1:El3tOrEuMpv2UdMrbNlKEh9vd86bmQ6vqIcDwxEOc1E=
google.golang.org/genproto/googleapis/rpc v0.0.0-20260618152121-87f3d3e198d3 h1:phvBWCAQMGN1945mp5fjCXP6jEF0+a0+4TjokS4sxNY=
google.golang.org/genproto/googleapis/rpc v0.0.0-20260618152121-87f3d3e198d3/go.mod h1:4Hqkh8ycfw05ld/3BWL7rJOSfebL2Q+DVDeRgYgxUU8=
google.golang.org/grpc v1.81.1 h1:VnnIIZ88UzOOKLukQi+ImGz8O1Wdp8nAGGnvOfEIWQQ=
google.golang.org/grpc v1.81.1/go.mod h1:xGH9GfzOyMTGIOXBJmXt+BX/V0kcdQbdcuwQ/zNw42I=
google.golang.org/protobuf v1.36.11 h1:fV6ZwhNocDyBLK0dj+fg8ektcVegBBuEolpbTQyBNVE=
google.golang.org/protobuf v1.36.11/go.mod h1:HTf+CrKn2C3g5S8VImy6tdcUvCska2kB7j23XfzDpco=
gopkg.in/check.v1 v0.0.0-20161208181325-20d25e280405 h1:yhCVgyC4o1eVCa2tZl7eS0r+SDo693bJlVdllGtEeKM=
gopkg.in/check.v1 v0.0.0-20161208181325-20d25e280405/go.mod h1:Co6ibVJAznAaIkqp8huTwlJQCZ016jof/cbN4VW5Yz0=
gopkg.in/yaml.v2 v2.2.8 h1:obN1ZagJSUGI0Ek/LBmuj4SNLPfIny3KsKFopxRdj10=
gopkg.in/yaml.v2 v2.2.8/go.mod h1:hI93XBmqTisBFMUTm0b8Fm+jr3Dg1NNxqwp+5A1VGuI=
gopkg.in/yaml.v3 v3.0.1 h1:fxVm/GzAzEWqLHuvctI91KS9hhNmmWOoWu0XTYJS7CA=
gopkg.in/yaml.v3 v3.0.1/go.mod h1:K4uyk7z7BCEPqu6E+C64Yfv1cQ7kz7rIZviUmN+EgEM=
